
Microsoft Visual Studio Solution File, Format Version 12.00
# Visual Studio Version 16
VisualStudioVersion = 16.0.30523.141
MinimumVisualStudioVersion = 10.0.40219.1
Project("{FAE04EC0-301F-11D3-BF4B-00C04F79EFBC}") = "PersonInfo", "InterfaceAndAbstraction\PersonInfo.csproj", "{066BCCE4-8D38-4C63-AB9D-ABD119699A61}"
EndProject
Global
	GlobalSection(SolutionConfigurationPlatforms) = preSolution
		Debug|Any CPU = Debug|Any CPU
		Release|Any CPU = Release|Any CPU
	EndGlobalSection
	GlobalSection(ProjectConfigurationPlatforms) = postSolution
		{066BCCE4-8D38-4C63-AB9D-ABD119699A61}.Debug|Any CPU.ActiveCfg = Debug|Any CPU
		{066BCCE4-8D38-4C63-AB9D-ABD119699A61}.Debug|Any CPU.Build.0 = Debug|Any CPU
		{066BCCE4-8D38-4C63-AB9D-ABD119699A61}.Release|Any CPU.ActiveCfg = Release|Any CPU
		{066BCCE4-8D38-4C63-AB9D-ABD119699A61}.Release|Any CPU.Build.0 = Release|Any CPU
	EndGlobalSection
	GlobalSection(SolutionProperties) = preSolution
		HideSolutionNode = FALSE
	EndGlobalSection
	GlobalSection(ExtensibilityGlobals) = postSolution
		SolutionGuid = {BC66AD9D-BD3A-4E9A-AC92-D58333A58330}
	EndGlobalSection
EndGlobal
